// !$*UTF8*$!
{
	archiveVersion = 1;
	classes = {
	};
	objectVersion = 77;
	objects = {

/* Begin PBXBuildFile section */
		954FAD152E2CF68600F67099 /* Kingfisher in Frameworks */ = {isa = PBXBuildFile; productRef = 954FAD142E2CF68600F67099 /* Kingfisher */; };
/* End PBXBuildFile section */

/* Begin PBXContainerItemProxy section */
		954FAB642E2A5E5000F67099 /* PBXContainerItemProxy */ = {
			isa = PBXContainerItemProxy;
			containerPortal = 954FAB452E2A5E4E00F67099 /* Project object */;
			proxyType = 1;
			remoteGlobalIDString = 954FAB4C2E2A5E4E00F67099;
			remoteInfo = Eteration;
		};
		954FAB6E2E2A5E5000F67099 /* PBXContainerItemProxy */ = {
			isa = PBXContainerItemProxy;
			containerPortal = 954FAB452E2A5E4E00F67099 /* Project object */;
			proxyType = 1;
			remoteGlobalIDString = 954FAB4C2E2A5E4E00F67099;
			remoteInfo = Eteration;
		};
/* End PBXContainerItemProxy section */

/* Begin PBXFileReference section */
		954FAB4D2E2A5E4E00F67099 /* Eteration.app */ = {isa = PBXFileReference; explicitFileType = wrapper.application; includeInIndex = 0; path = Eteration.app; sourceTree = BUILT_PRODUCTS_DIR; };
		954FAB632E2A5E5000F67099 /* EterationTests.xctest */ = {isa = PBXFileReference; explicitFileType = wrapper.cfbundle; includeInIndex = 0; path = EterationTests.xctest; sourceTree = BUILT_PRODUCTS_DIR; };
		954FAB6D2E2A5E5000F67099 /* EterationUITests.xctest */ = {isa = PBXFileReference; explicitFileType = wrapper.cfbundle; includeInIndex = 0; path = EterationUITests.xctest; sourceTree = BUILT_PRODUCTS_DIR; };
/* End PBXFileReference section */

/* Begin PBXFileSystemSynchronizedBuildFileExceptionSet section */
		954FAB752E2A5E5000F67099 /* Exceptions for "Eteration" folder in "Eteration" target */ = {
			isa = PBXFileSystemSynchronizedBuildFileExceptionSet;
			membershipExceptions = (
				Info.plist,
			);
			target = 954FAB4C2E2A5E4E00F67099 /* Eteration */;
		};
/* End PBXFileSystemSynchronizedBuildFileExceptionSet section */

/* Begin PBXFileSystemSynchronizedRootGroup section */
		954FAB4F2E2A5E4E00F67099 /* Eteration */ = {
			isa = PBXFileSystemSynchronizedRootGroup;
			exceptions = (
				954FAB752E2A5E5000F67099 /* Exceptions for "Eteration" folder in "Eteration" target */,
			);
			path = Eteration;
			sourceTree = "<group>";
		};
		954FAB662E2A5E5000F67099 /* EterationTests */ = {
			isa = PBXFileSystemSynchronizedRootGroup;
			path = EterationTests;
			sourceTree = "<group>";
		};
		954FAB702E2A5E5000F67099 /* EterationUITests */ = {
			isa = PBXFileSystemSynchronizedRootGroup;
			path = EterationUITests;
			sourceTree = "<group>";
		};
/* End PBXFileSystemSynchronizedRootGroup section */

/* Begin PBXFrameworksBuildPhase section */
		954FAB4A2E2A5E4E00F67099 /* Frameworks */ = {
			isa = PBXFrameworksBuildPhase;
			buildActionMask = 2147483647;
			files = (
				954FAD152E2CF68600F67099 /* Kingfisher in Frameworks */,
			);
			runOnlyForDeploymentPostprocessing = 0;
		};
		954FAB602E2A5E5000F67099 /* Frameworks */ = {
			isa = PBXFrameworksBuildPhase;
			buildActionMask = 2147483647;
			files = (
			);
			runOnlyForDeploymentPostprocessing = 0;
		};
		954FAB6A2E2A5E5000F67099 /* Frameworks */ = {
			isa = PBXFrameworksBuildPhase;
			buildActionMask = 2147483647;
			files = (
			);
			runOnlyForDeploymentPostprocessing = 0;
		};
/* End PBXFrameworksBuildPhase section */

/* Begin PBXGroup section */
		954FAB442E2A5E4E00F67099 = {
			isa = PBXGroup;
			children = (
				954FAB4F2E2A5E4E00F67099 /* Eteration */,
				954FAB662E2A5E5000F67099 /* EterationTests */,
				954FAB702E2A5E5000F67099 /* EterationUITests */,
				954FAB4E2E2A5E4E00F67099 /* Products */,
			);
			sourceTree = "<group>";
		};
		954FAB4E2E2A5E4E00F67099 /* Products */ = {
			isa = PBXGroup;
			children = (
				954FAB4D2E2A5E4E00F67099 /* Eteration.app */,
				954FAB632E2A5E5000F67099 /* EterationTests.xctest */,
				954FAB6D2E2A5E5000F67099 /* EterationUITests.xctest */,
			);
			name = Products;
			sourceTree = "<group>";
		};
/* End PBXGroup section */

/* Begin PBXNativeTarget section */
		954FAB4C2E2A5E4E00F67099 /* Eteration */ = {
			isa = PBXNativeTarget;
			buildConfigurationList = 954FAB762E2A5E5000F67099 /* Build configuration list for PBXNativeTarget "Eteration" */;
			buildPhases = (
				954FAB492E2A5E4E00F67099 /* Sources */,
				954FAB4A2E2A5E4E00F67099 /* Frameworks */,
				954FAB4B2E2A5E4E00F67099 /* Resources */,
			);
			buildRules = (
			);
			dependencies = (
			);
			fileSystemSynchronizedGroups = (
				954FAB4F2E2A5E4E00F67099 /* Eteration */,
			);
			name = Eteration;
			packageProductDependencies = (
				954FAD142E2CF68600F67099 /* Kingfisher */,
			);
			productName = Eteration;
			productReference = 954FAB4D2E2A5E4E00F67099 /* Eteration.app */;
			productType = "com.apple.product-type.application";
		};
		954FAB622E2A5E5000F67099 /* EterationTests */ = {
			isa = PBXNativeTarget;
			buildConfigurationList = 954FAB7B2E2A5E5000F67099 /* Build configuration list for PBXNativeTarget "EterationTests" */;
			buildPhases = (
				954FAB5F2E2A5E5000F67099 /* Sources */,
				954FAB602E2A5E5000F67099 /* Frameworks */,
				954FAB612E2A5E5000F67099 /* Resources */,
			);
			buildRules = (
			);
			dependencies = (
				954FAB652E2A5E5000F67099 /* PBXTargetDependency */,
			);
			fileSystemSynchronizedGroups = (
				954FAB662E2A5E5000F67099 /* EterationTests */,
			);
			name = EterationTests;
			packageProductDependencies = (
			);
			productName = EterationTests;
			productReference = 954FAB632E2A5E5000F67099 /* EterationTests.xctest */;
			productType = "com.apple.product-type.bundle.unit-test";
		};
		954FAB6C2E2A5E5000F67099 /* EterationUITests */ = {
			isa = PBXNativeTarget;
			buildConfigurationList = 954FAB7E2E2A5E5000F67099 /* Build configuration list for PBXNativeTarget "EterationUITests" */;
			buildPhases = (
				954FAB692E2A5E5000F67099 /* Sources */,
				954FAB6A2E2A5E5000F67099 /* Frameworks */,
				954FAB6B2E2A5E5000F67099 /* Resources */,
			);
			buildRules = (
			);
			dependencies = (
				954FAB6F2E2A5E5000F67099 /* PBXTargetDependency */,
			);
			fileSystemSynchronizedGroups = (
				954FAB702E2A5E5000F67099 /* EterationUITests */,
			);
			name = EterationUITests;
			packageProductDependencies = (
			);
			productName = EterationUITests;
			productReference = 954FAB6D2E2A5E5000F67099 /* EterationUITests.xctest */;
			productType = "com.apple.product-type.bundle.ui-testing";
		};
/* End PBXNativeTarget section */

/* Begin PBXProject section */
		954FAB452E2A5E4E00F67099 /* Project object */ = {
			isa = PBXProject;
			attributes = {
				BuildIndependentTargetsInParallel = 1;
				LastSwiftUpdateCheck = 1600;
				LastUpgradeCheck = 1600;
				TargetAttributes = {
					954FAB4C2E2A5E4E00F67099 = {
						CreatedOnToolsVersion = 16.0;
					};
					954FAB622E2A5E5000F67099 = {
						CreatedOnToolsVersion = 16.0;
						TestTargetID = 954FAB4C2E2A5E4E00F67099;
					};
					954FAB6C2E2A5E5000F67099 = {
						CreatedOnToolsVersion = 16.0;
						TestTargetID = 954FAB4C2E2A5E4E00F67099;
					};
				};
			};
			buildConfigurationList = 954FAB482E2A5E4E00F67099 /* Build configuration list for PBXProject "Eteration" */;
			developmentRegion = en;
			hasScannedForEncodings = 0;
			knownRegions = (
				en,
				Base,
			);
			mainGroup = 954FAB442E2A5E4E00F67099;
			minimizedProjectReferenceProxies = 1;
			packageReferences = (
				954FAD132E2CF68600F67099 /* XCRemoteSwiftPackageReference "Kingfisher" */,
			);
			preferredProjectObjectVersion = 77;
			productRefGroup = 954FAB4E2E2A5E4E00F67099 /* Products */;
			projectDirPath = "";
			projectRoot = "";
			targets = (
				954FAB4C2E2A5E4E00F67099 /* Eteration */,
				954FAB622E2A5E5000F67099 /* EterationTests */,
				954FAB6C2E2A5E5000F67099 /* EterationUITests */,
			);
		};
/* End PBXProject section */

/* Begin PBXResourcesBuildPhase section */
		954FAB4B2E2A5E4E00F67099 /* Resources */ = {
			isa = PBXResourcesBuildPhase;
			buildActionMask = 2147483647;
			files = (
			);
			runOnlyForDeploymentPostprocessing = 0;
		};
		954FAB612E2A5E5000F67099 /* Resources */ = {
			isa = PBXResourcesBuildPhase;
			buildActionMask = 2147483647;
			files = (
			);
			runOnlyForDeploymentPostprocessing = 0;
		};
		954FAB6B2E2A5E5000F67099 /* Resources */ = {
			isa = PBXResourcesBuildPhase;
			buildActionMask = 2147483647;
			files = (
			);
			runOnlyForDeploymentPostprocessing = 0;
		};
/* End PBXResourcesBuildPhase section */

/* Begin PBXSourcesBuildPhase section */
		954FAB492E2A5E4E00F67099 /* Sources */ = {
			isa = PBXSourcesBuildPhase;
			buildActionMask = 2147483647;
			files = (
			);
			runOnlyForDeploymentPostprocessing = 0;
		};
		954FAB5F2E2A5E5000F67099 /* Sources */ = {
			isa = PBXSourcesBuildPhase;
			buildActionMask = 2147483647;
			files = (
			);
			runOnlyForDeploymentPostprocessing = 0;
		};
		954FAB692E2A5E5000F67099 /* Sources */ = {
			isa = PBXSourcesBuildPhase;
			buildActionMask = 2147483647;
			files = (
			);
			runOnlyForDeploymentPostprocessing = 0;
		};
/* End PBXSourcesBuildPhase section */

/* Begin PBXTargetDependency section */
		954FAB652E2A5E5000F67099 /* PBXTargetDependency */ = {
			isa = PBXTargetDependency;
			target = 954FAB4C2E2A5E4E00F67099 /* Eteration */;
			targetProxy = 954FAB642E2A5E5000F67099 /* PBXContainerItemProxy */;
		};
		954FAB6F2E2A5E5000F67099 /* PBXTargetDependency */ = {
			isa = PBXTargetDependency;
			target = 954FAB4C2E2A5E4E00F67099 /* Eteration */;
			targetProxy = 954FAB6E2E2A5E5000F67099 /* PBXContainerItemProxy */;
		};
/* End PBXTargetDependency section */

/* Begin XCBuildConfiguration section */
		954FAB772E2A5E5000F67099 /* Debug */ = {
			isa = XCBuildConfiguration;
			buildSettings = {
				ASSETCATALOG_COMPILER_APPICON_NAME = AppIcon;
				ASSETCATALOG_COMPILER_GLOBAL_ACCENT_COLOR_NAME = AccentColor;
				CODE_SIGN_STYLE = Automatic;
				CURRENT_PROJECT_VERSION = 1;
				GENERATE_INFOPLIST_FILE = YES;
				INFOPLIST_FILE = Eteration/Info.plist;
				INFOPLIST_KEY_UIApplicationSupportsIndirectInputEvents = YES;
				INFOPLIST_KEY_UILaunchStoryboardName = LaunchScreen;
				INFOPLIST_KEY_UISupportedInterfaceOrientations_iPad = "UIInterfaceOrientationPortrait UIInterfaceOrientationPortraitUpsideDown UIInterfaceOrientationLandscapeLeft UIInterfaceOrientationLandscapeRight";
				INFOPLIST_KEY_UISupportedInterfaceOrientations_iPhone = "UIInterfaceOrientationPortrait UIInterfaceOrientationLandscapeLeft UIInterfaceOrientationLandscapeRight";
				LD_RUNPATH_SEARCH_PATHS = (
					"$(inherited)",
					"@executable_path/Frameworks",
				);
				MARKETING_VERSION = 1.0;
				PRODUCT_BUNDLE_IDENTIFIER = com.Eteration;
				PRODUCT_NAME = "$(TARGET_NAME)";
				SWIFT_EMIT_LOC_STRINGS = YES;
				SWIFT_VERSION = 5.0;
				TARGETED_DEVICE_FAMILY = "1,2";
			};
			name = Debug;
		};
		954FAB782E2A5E5000F67099 /* Release */ = {
			isa = XCBuildConfiguration;
			buildSettings = {
				ASSETCATALOG_COMPILER_APPICON_NAME = AppIcon;
				ASSETCATALOG_COMPILER_GLOBAL_ACCENT_COLOR_NAME = AccentColor;
				CODE_SIGN_STYLE = Automatic;
				CURRENT_PROJECT_VERSION = 1;
				GENERATE_INFOPLIST_FILE = YES;
				INFOPLIST_FILE = Eteration/Info.plist;
				INFOPLIST_KEY_UIApplicationSupportsIndirectInputEvents = YES;
				INFOPLIST_KEY_UILaunchStoryboardName = LaunchScreen;
				INFOPLIST_KEY_UISupportedInterfaceOrientations_iPad = "UIInterfaceOrientationPortrait UIInterfaceOrientationPortraitUpsideDown UIInterfaceOrientationLandscapeLeft UIInterfaceOrientationLandscapeRight";
				INFOPLIST_KEY_UISupportedInterfaceOrientations_iPhone = "UIInterfaceOrientationPortrait UIInterfaceOrientationLandscapeLeft UIInterfaceOrientationLandscapeRight";
				LD_RUNPATH_SEARCH_PATHS = (
					"$(inherited)",
					"@executable_path/Frameworks",
				);
				MARKETING_VERSION = 1.0;
				PRODUCT_BUNDLE_IDENTIFIER = com.Eteration;
				PRODUCT_NAME = "$(TARGET_NAME)";
				SWIFT_EMIT_LOC_STRINGS = YES;
				SWIFT_VERSION = 5.0;
				TARGETED_DEVICE_FAMILY = "1,2";
			};
			name = Release;
		};
		954FAB792E2A5E5000F67099 /* Debug */ = {
			isa = XCBuildConfiguration;
			buildSettings = {
				ALWAYS_SEARCH_USER_PATHS = NO;
				ASSETCATALOG_COMPILER_GENERATE_SWIFT_ASSET_SYMBOL_EXTENSIONS = YES;
				CLANG_ANALYZER_NONNULL = YES;
				CLANG_ANALYZER_NUMBER_OBJECT_CONVERSION = YES_AGGRESSIVE;
				CLANG_CXX_LANGUAGE_STANDARD = "gnu++20";
				CLANG_ENABLE_MODULES = YES;
				CLANG_ENABLE_OBJC_ARC = YES;
				CLANG_ENABLE_OBJC_WEAK = YES;
				CLANG_WARN_BLOCK_CAPTURE_AUTORELEASING = YES;
				CLANG_WARN_BOOL_CONVERSION = YES;
				CLANG_WARN_COMMA = YES;
				CLANG_WARN_CONSTANT_CONVERSION = YES;
				CLANG_WARN_DEPRECATED_OBJC_IMPLEMENTATIONS = YES;
				CLANG_WARN_DIRECT_OBJC_ISA_USAGE = YES_ERROR;
				CLANG_WARN_DOCUMENTATION_COMMENTS = YES;
				CLANG_WARN_EMPTY_BODY = YES;
				CLANG_WARN_ENUM_CONVERSION = YES;
				CLANG_WARN_INFINITE_RECURSION = YES;
				CLANG_WARN_INT_CONVERSION = YES;
				CLANG_WARN_NON_LITERAL_NULL_CONVERSION = YES;
				CLANG_WARN_OBJC_IMPLICIT_RETAIN_SELF = YES;
				CLANG_WARN_OBJC_LITERAL_CONVERSION = YES;
				CLANG_WARN_OBJC_ROOT_CLASS = YES_ERROR;
				CLANG_WARN_QUOTED_INCLUDE_IN_FRAMEWORK_HEADER = YES;
				CLANG_WARN_RANGE_LOOP_ANALYSIS = YES;
				CLANG_WARN_STRICT_PROTOTYPES = YES;
				CLANG_WARN_SUSPICIOUS_MOVE = YES;
				CLANG_WARN_UNGUARDED_AVAILABILITY = YES_AGGRESSIVE;
				CLANG_WARN_UNREACHABLE_CODE = YES;
				CLANG_WARN__DUPLICATE_METHOD_MATCH = YES;
				COPY_PHASE_STRIP = NO;
				DEBUG_INFORMATION_FORMAT = dwarf;
				ENABLE_STRICT_OBJC_MSGSEND = YES;
				ENABLE_TESTABILITY = YES;
				ENABLE_USER_SCRIPT_SANDBOXING = YES;
				GCC_C_LANGUAGE_STANDARD = gnu17;
				GCC_DYNAMIC_NO_PIC = NO;
				GCC_NO_COMMON_BLOCKS = YES;
				GCC_OPTIMIZATION_LEVEL = 0;
				GCC_PREPROCESSOR_DEFINITIONS = (
					"DEBUG=1",
					"$(inherited)",
				);
				GCC_WARN_64_TO_32_BIT_CONVERSION = YES;
				GCC_WARN_ABOUT_RETURN_TYPE = YES_ERROR;
				GCC_WARN_UNDECLARED_SELECTOR = YES;
				GCC_WARN_UNINITIALIZED_AUTOS = YES_AGGRESSIVE;
				GCC_WARN_UNUSED_FUNCTION = YES;
				GCC_WARN_UNUSED_VARIABLE = YES;
				IPHONEOS_DEPLOYMENT_TARGET = 18.0;
				LOCALIZATION_PREFERS_STRING_CATALOGS = YES;
				MTL_ENABLE_DEBUG_INFO = INCLUDE_SOURCE;
				MTL_FAST_MATH = YES;
				ONLY_ACTIVE_ARCH = YES;
				SDKROOT = iphoneos;
				SWIFT_ACTIVE_COMPILATION_CONDITIONS = "DEBUG $(inherited)";
				SWIFT_OPTIMIZATION_LEVEL = "-Onone";
			};
			name = Debug;
		};
		954FAB7A2E2A5E5000F67099 /* Release */ = {
			isa = XCBuildConfiguration;
			buildSettings = {
				ALWAYS_SEARCH_USER_PATHS = NO;
				ASSETCATALOG_COMPILER_GENERATE_SWIFT_ASSET_SYMBOL_EXTENSIONS = YES;
				CLANG_ANALYZER_NONNULL = YES;
				CLANG_ANALYZER_NUMBER_OBJECT_CONVERSION = YES_AGGRESSIVE;
				CLANG_CXX_LANGUAGE_STANDARD = "gnu++20";
				CLANG_ENABLE_MODULES = YES;
				CLANG_ENABLE_OBJC_ARC = YES;
				CLANG_ENABLE_OBJC_WEAK = YES;
				CLANG_WARN_BLOCK_CAPTURE_AUTORELEASING = YES;
				CLANG_WARN_BOOL_CONVERSION = YES;
				CLANG_WARN_COMMA = YES;
				CLANG_WARN_CONSTANT_CONVERSION = YES;
				CLANG_WARN_DEPRECATED_OBJC_IMPLEMENTATIONS = YES;
				CLANG_WARN_DIRECT_OBJC_ISA_USAGE = YES_ERROR;
				CLANG_WARN_DOCUMENTATION_COMMENTS = YES;
				CLANG_WARN_EMPTY_BODY = YES;
				CLANG_WARN_ENUM_CONVERSION = YES;
				CLANG_WARN_INFINITE_RECURSION = YES;
				CLANG_WARN_INT_CONVERSION = YES;
				CLANG_WARN_NON_LITERAL_NULL_CONVERSION = YES;
				CLANG_WARN_OBJC_IMPLICIT_RETAIN_SELF = YES;
				CLANG_WARN_OBJC_LITERAL_CONVERSION = YES;
				CLANG_WARN_OBJC_ROOT_CLASS = YES_ERROR;
				CLANG_WARN_QUOTED_INCLUDE_IN_FRAMEWORK_HEADER = YES;
				CLANG_WARN_RANGE_LOOP_ANALYSIS = YES;
				CLANG_WARN_STRICT_PROTOTYPES = YES;
				CLANG_WARN_SUSPICIOUS_MOVE = YES;
				CLANG_WARN_UNGUARDED_AVAILABILITY = YES_AGGRESSIVE;
				CLANG_WARN_UNREACHABLE_CODE = YES;
				CLANG_WARN__DUPLICATE_METHOD_MATCH = YES;
				COPY_PHASE_STRIP = NO;
				DEBUG_INFORMATION_FORMAT = "dwarf-with-dsym";
				ENABLE_NS_ASSERTIONS = NO;
				ENABLE_STRICT_OBJC_MSGSEND = YES;
				ENABLE_USER_SCRIPT_SANDBOXING = YES;
				GCC_C_LANGUAGE_STANDARD = gnu17;
				GCC_NO_COMMON_BLOCKS = YES;
				GCC_WARN_64_TO_32_BIT_CONVERSION = YES;
				GCC_WARN_ABOUT_RETURN_TYPE = YES_ERROR;
				GCC_WARN_UNDECLARED_SELECTOR = YES;
				GCC_WARN_UNINITIALIZED_AUTOS = YES_AGGRESSIVE;
				GCC_WARN_UNUSED_FUNCTION = YES;
				GCC_WARN_UNUSED_VARIABLE = YES;
				IPHONEOS_DEPLOYMENT_TARGET = 18.0;
				LOCALIZATION_PREFERS_STRING_CATALOGS = YES;
				MTL_ENABLE_DEBUG_INFO = NO;
				MTL_FAST_MATH = YES;
				SDKROOT = iphoneos;
				SWIFT_COMPILATION_MODE = wholemodule;
				VALIDATE_PRODUCT = YES;
			};
			name = Release;
		};
		954FAB7C2E2A5E5000F67099 /* Debug */ = {
			isa = XCBuildConfiguration;
			buildSettings = {
				BUNDLE_LOADER = "$(TEST_HOST)";
				CODE_SIGN_STYLE = Automatic;
				CURRENT_PROJECT_VERSION = 1;
				GENERATE_INFOPLIST_FILE = YES;
				IPHONEOS_DEPLOYMENT_TARGET = 18.0;
				MARKETING_VERSION = 1.0;
				PRODUCT_BUNDLE_IDENTIFIER = com.EterationTests;
				PRODUCT_NAME = "$(TARGET_NAME)";
				SWIFT_EMIT_LOC_STRINGS = NO;
				SWIFT_VERSION = 5.0;
				TARGETED_DEVICE_FAMILY = "1,2";
				TEST_HOST = "$(BUILT_PRODUCTS_DIR)/Eteration.app/$(BUNDLE_EXECUTABLE_FOLDER_PATH)/Eteration";
			};
			name = Debug;
		};
		954FAB7D2E2A5E5000F67099 /* Release */ = {
			isa = XCBuildConfiguration;
			buildSettings = {
				BUNDLE_LOADER = "$(TEST_HOST)";
				CODE_SIGN_STYLE = Automatic;
				CURRENT_PROJECT_VERSION = 1;
				GENERATE_INFOPLIST_FILE = YES;
				IPHONEOS_DEPLOYMENT_TARGET = 18.0;
				MARKETING_VERSION = 1.0;
				PRODUCT_BUNDLE_IDENTIFIER = com.EterationTests;
				PRODUCT_NAME = "$(TARGET_NAME)";
				SWIFT_EMIT_LOC_STRINGS = NO;
				SWIFT_VERSION = 5.0;
				TARGETED_DEVICE_FAMILY = "1,2";
				TEST_HOST = "$(BUILT_PRODUCTS_DIR)/Eteration.app/$(BUNDLE_EXECUTABLE_FOLDER_PATH)/Eteration";
			};
			name = Release;
		};
		954FAB7F2E2A5E5000F67099 /* Debug */ = {
			isa = XCBuildConfiguration;
			buildSettings = {
				CODE_SIGN_STYLE = Automatic;
				CURRENT_PROJECT_VERSION = 1;
				GENERATE_INFOPLIST_FILE = YES;
				MARKETING_VERSION = 1.0;
				PRODUCT_BUNDLE_IDENTIFIER = com.EterationUITests;
				PRODUCT_NAME = "$(TARGET_NAME)";
				SWIFT_EMIT_LOC_STRINGS = NO;
				SWIFT_VERSION = 5.0;
				TARGETED_DEVICE_FAMILY = "1,2";
				TEST_TARGET_NAME = Eteration;
			};
			name = Debug;
		};
		954FAB802E2A5E5000F67099 /* Release */ = {
			isa = XCBuildConfiguration;
			buildSettings = {
				CODE_SIGN_STYLE = Automatic;
				CURRENT_PROJECT_VERSION = 1;
				GENERATE_INFOPLIST_FILE = YES;
				MARKETING_VERSION = 1.0;
				PRODUCT_BUNDLE_IDENTIFIER = com.EterationUITests;
				PRODUCT_NAME = "$(TARGET_NAME)";
				SWIFT_EMIT_LOC_STRINGS = NO;
				SWIFT_VERSION = 5.0;
				TARGETED_DEVICE_FAMILY = "1,2";
				TEST_TARGET_NAME = Eteration;
			};
			name = Release;
		};
/* End XCBuildConfiguration section */

/* Begin XCConfigurationList section */
		954FAB482E2A5E4E00F67099 /* Build configuration list for PBXProject "Eteration" */ = {
			isa = XCConfigurationList;
			buildConfigurations = (
				954FAB792E2A5E5000F67099 /* Debug */,
				954FAB7A2E2A5E5000F67099 /* Release */,
			);
			defaultConfigurationIsVisible = 0;
			defaultConfigurationName = Release;
		};
		954FAB762E2A5E5000F67099 /* Build configuration list for PBXNativeTarget "Eteration" */ = {
			isa = XCConfigurationList;
			buildConfigurations = (
				954FAB772E2A5E5000F67099 /* Debug */,
				954FAB782E2A5E5000F67099 /* Release */,
			);
			defaultConfigurationIsVisible = 0;
			defaultConfigurationName = Release;
		};
		954FAB7B2E2A5E5000F67099 /* Build configuration list for PBXNativeTarget "EterationTests" */ = {
			isa = XCConfigurationList;
			buildConfigurations = (
				954FAB7C2E2A5E5000F67099 /* Debug */,
				954FAB7D2E2A5E5000F67099 /* Release */,
			);
			defaultConfigurationIsVisible = 0;
			defaultConfigurationName = Release;
		};
		954FAB7E2E2A5E5000F67099 /* Build configuration list for PBXNativeTarget "EterationUITests" */ = {
			isa = XCConfigurationList;
			buildConfigurations = (
				954FAB7F2E2A5E5000F67099 /* Debug */,
				954FAB802E2A5E5000F67099 /* Release */,
			);
			defaultConfigurationIsVisible = 0;
			defaultConfigurationName = Release;
		};
/* End XCConfigurationList section */

/* Begin XCRemoteSwiftPackageReference section */
		954FAD132E2CF68600F67099 /* XCRemoteSwiftPackageReference "Kingfisher" */ = {
			isa = XCRemoteSwiftPackageReference;
			repositoryURL = "https://github.com/onevcat/Kingfisher.git";
			requirement = {
				kind = exactVersion;
				version = 8.5.0;
			};
		};
/* End XCRemoteSwiftPackageReference section */

/* Begin XCSwiftPackageProductDependency section */
		954FAD142E2CF68600F67099 /* Kingfisher */ = {
			isa = XCSwiftPackageProductDependency;
			package = 954FAD132E2CF68600F67099 /* XCRemoteSwiftPackageReference "Kingfisher" */;
			productName = Kingfisher;
		};
/* End XCSwiftPackageProductDependency section */
	};
	rootObject = 954FAB452E2A5E4E00F67099 /* Project object */;
}
